
Microsoft Visual Studio Solution File, Format Version 12.00
# Visual Studio Version 17
VisualStudioVersion = 17.4.33122.133
MinimumVisualStudioVersion = 10.0.40219.1
Project("{FAE04EC0-301F-11D3-BF4B-00C04F79EFBC}") = "TrabajoViernes", "TrabajoViernes\TrabajoViernes.csproj", "{079D7FBB-CFD1-4D5C-933A-BA8C7BA2BA8B}"
EndProject
Global
	GlobalSection(SolutionConfigurationPlatforms) = preSolution
		Debug|Any CPU = Debug|Any CPU
		Release|Any CPU = Release|Any CPU
	EndGlobalSection
	GlobalSection(ProjectConfigurationPlatforms) = postSolution
		{079D7FBB-CFD1-4D5C-933A-BA8C7BA2BA8B}.Debug|Any CPU.ActiveCfg = Debug|Any CPU
		{079D7FBB-CFD1-4D5C-933A-BA8C7BA2BA8B}.Debug|Any CPU.Build.0 = Debug|Any CPU
		{079D7FBB-CFD1-4D5C-933A-BA8C7BA2BA8B}.Release|Any CPU.ActiveCfg = Release|Any CPU
		{079D7FBB-CFD1-4D5C-933A-BA8C7BA2BA8B}.Release|Any CPU.Build.0 = Release|Any CPU
	EndGlobalSection
	GlobalSection(SolutionProperties) = preSolution
		HideSolutionNode = FALSE
	EndGlobalSection
	GlobalSection(ExtensibilityGlobals) = postSolution
		SolutionGuid = {74A6F403-871C-4772-A58A-951BA2B66480}
	EndGlobalSection
EndGlobal
